// !$*UTF8*$!
{
	archiveVersion = 1;
	classes = {
	};
	objectVersion = 51;
	objects = {

/* Begin PBXBuildFile section */
		6A1074852693732000C7DD6E /* DataBaseManager.swift in Sources */ = {isa = PBXBuildFile; fileRef = 6A1074842693732000C7DD6E /* DataBaseManager.swift */; };
		6A1074872693743000C7DD6E /* AuthManager.swift in Sources */ = {isa = PBXBuildFile; fileRef = 6A1074862693743000C7DD6E /* AuthManager.swift */; };
		6A1074892693749100C7DD6E /* StorageManager.swift in Sources */ = {isa = PBXBuildFile; fileRef = 6A1074882693749100C7DD6E /* StorageManager.swift */; };
		6A10748B26937C4F00C7DD6E /* Extensions.swift in Sources */ = {isa = PBXBuildFile; fileRef = 6A10748A26937C4F00C7DD6E /* Extensions.swift */; };
		6A3EFC9F269346FD00308806 /* AppDelegate.swift in Sources */ = {isa = PBXBuildFile; fileRef = 6A3EFC9E269346FD00308806 /* AppDelegate.swift */; };
		6A3EFCA1269346FD00308806 /* SceneDelegate.swift in Sources */ = {isa = PBXBuildFile; fileRef = 6A3EFCA0269346FD00308806 /* SceneDelegate.swift */; };
		6A3EFCA3269346FD00308806 /* HomeViewController.swift in Sources */ = {isa = PBXBuildFile; fileRef = 6A3EFCA2269346FD00308806 /* HomeViewController.swift */; };
		6A3EFCA6269346FD00308806 /* Main.storyboard in Resources */ = {isa = PBXBuildFile; fileRef = 6A3EFCA4269346FD00308806 /* Main.storyboard */; };
		6A3EFCA9269346FD00308806 /* Instagramm_app.xcdatamodeld in Sources */ = {isa = PBXBuildFile; fileRef = 6A3EFCA7269346FD00308806 /* Instagramm_app.xcdatamodeld */; };
		6A3EFCAB2693470100308806 /* Assets.xcassets in Resources */ = {isa = PBXBuildFile; fileRef = 6A3EFCAA2693470100308806 /* Assets.xcassets */; };
		6A3EFCAE2693470100308806 /* LaunchScreen.storyboard in Resources */ = {isa = PBXBuildFile; fileRef = 6A3EFCAC2693470100308806 /* LaunchScreen.storyboard */; };
		6A5116D0269F0ECB0070ACAD /* IGFeedPostTableViewCell.swift in Sources */ = {isa = PBXBuildFile; fileRef = 6A5116CF269F0ECB0070ACAD /* IGFeedPostTableViewCell.swift */; };
		6A5116D3269F10BB0070ACAD /* IGFeddPostHeaderTableViewCell.swift in Sources */ = {isa = PBXBuildFile; fileRef = 6A5116D2269F10BB0070ACAD /* IGFeddPostHeaderTableViewCell.swift */; };
		6A5116D5269F10DD0070ACAD /* IGFeedPostActionsTableViewCell.swift in Sources */ = {isa = PBXBuildFile; fileRef = 6A5116D4269F10DD0070ACAD /* IGFeedPostActionsTableViewCell.swift */; };
		6A5116D7269F11040070ACAD /* IGFeedPostGeneralTableViewCell.swift in Sources */ = {isa = PBXBuildFile; fileRef = 6A5116D6269F11040070ACAD /* IGFeedPostGeneralTableViewCell.swift */; };
		6A6F9CD3269368B8006EECE7 /* GoogleService-Info.plist in Resources */ = {isa = PBXBuildFile; fileRef = 6A6F9CD2269368B8006EECE7 /* GoogleService-Info.plist */; };
		6A88D7CE26F78AB500CE6C9D /* NoNitofivationsView.swift in Sources */ = {isa = PBXBuildFile; fileRef = 6A88D7CD26F78AB500CE6C9D /* NoNitofivationsView.swift */; };
		6ABDC06526D6C43F002D53FE /* UserFollowTableViewCell.swift in Sources */ = {isa = PBXBuildFile; fileRef = 6ABDC06426D6C43F002D53FE /* UserFollowTableViewCell.swift */; };
		6ADD483F26A7D13C00825747 /* FormTableViewCell.swift in Sources */ = {isa = PBXBuildFile; fileRef = 6ADD483E26A7D13C00825747 /* FormTableViewCell.swift */; };
		6AE4219826D24DD2000880A6 /* PhotoCollectionViewCell.swift in Sources */ = {isa = PBXBuildFile; fileRef = 6AE4219726D24DD2000880A6 /* PhotoCollectionViewCell.swift */; };
		6AE4219A26D24E2D000880A6 /* ProfileInfoHeaderCollectionReusableView.swift in Sources */ = {isa = PBXBuildFile; fileRef = 6AE4219926D24E2D000880A6 /* ProfileInfoHeaderCollectionReusableView.swift */; };
		6AE4219C26D257A1000880A6 /* ProfileTabsCollectionReusableView.swift in Sources */ = {isa = PBXBuildFile; fileRef = 6AE4219B26D257A1000880A6 /* ProfileTabsCollectionReusableView.swift */; };
		6AE4219E26D28617000880A6 /* Models.swift in Sources */ = {isa = PBXBuildFile; fileRef = 6AE4219D26D28617000880A6 /* Models.swift */; };
		6AE9D3F526FB8FA9002E8535 /* NotificationFollowEventTableViewCell.swift in Sources */ = {isa = PBXBuildFile; fileRef = 6AE9D3F426FB8FA9002E8535 /* NotificationFollowEventTableViewCell.swift */; };
		6AE9D3F726FB8FC2002E8535 /* NotificationLikeEventTableViewCell.swift in Sources */ = {isa = PBXBuildFile; fileRef = 6AE9D3F626FB8FC2002E8535 /* NotificationLikeEventTableViewCell.swift */; };
		6AF609AA26935C3600CEAF1A /* ExploreViewController.swift in Sources */ = {isa = PBXBuildFile; fileRef = 6AF609A926935C3600CEAF1A /* ExploreViewController.swift */; };
		6AF609AC26935C5400CEAF1A /* CameraViewController.swift in Sources */ = {isa = PBXBuildFile; fileRef = 6AF609AB26935C5400CEAF1A /* CameraViewController.swift */; };
		6AF609AE26935C6F00CEAF1A /* NotificationsViewController.swift in Sources */ = {isa = PBXBuildFile; fileRef = 6AF609AD26935C6F00CEAF1A /* NotificationsViewController.swift */; };
		6AF609B026935C8000CEAF1A /* ProfileViewController.swift in Sources */ = {isa = PBXBuildFile; fileRef = 6AF609AF26935C8000CEAF1A /* ProfileViewController.swift */; };
		6AF609B526935D2700CEAF1A /* LoginViewController.swift in Sources */ = {isa = PBXBuildFile; fileRef = 6AF609B426935D2700CEAF1A /* LoginViewController.swift */; };
		6AF609B726935D3900CEAF1A /* RegistrationViewController.swift in Sources */ = {isa = PBXBuildFile; fileRef = 6AF609B626935D3900CEAF1A /* RegistrationViewController.swift */; };
		6AF609B926935D5900CEAF1A /* PostViewController.swift in Sources */ = {isa = PBXBuildFile; fileRef = 6AF609B826935D5900CEAF1A /* PostViewController.swift */; };
		6AF609BB26935D7C00CEAF1A /* EditProfileViewController.swift in Sources */ = {isa = PBXBuildFile; fileRef = 6AF609BA26935D7C00CEAF1A /* EditProfileViewController.swift */; };
		6AF609BD26935D8A00CEAF1A /* SettingViewController.swift in Sources */ = {isa = PBXBuildFile; fileRef = 6AF609BC26935D8A00CEAF1A /* SettingViewController.swift */; };
		6AF609BF26935DA300CEAF1A /* ListViewController.swift in Sources */ = {isa = PBXBuildFile; fileRef = 6AF609BE26935DA300CEAF1A /* ListViewController.swift */; };
		6AF609C126935DBC00CEAF1A /* SearchViewController.swift in Sources */ = {isa = PBXBuildFile; fileRef = 6AF609C026935DBC00CEAF1A /* SearchViewController.swift */; };
		6AF609C326935DD000CEAF1A /* SearchResultViewController.swift in Sources */ = {isa = PBXBuildFile; fileRef = 6AF609C226935DD000CEAF1A /* SearchResultViewController.swift */; };
		6AF609C526935DF900CEAF1A /* PostEditorViewController.swift in Sources */ = {isa = PBXBuildFile; fileRef = 6AF609C426935DF900CEAF1A /* PostEditorViewController.swift */; };
		6AF609C726935E0F00CEAF1A /* PublishPostViewController.swift in Sources */ = {isa = PBXBuildFile; fileRef = 6AF609C626935E0F00CEAF1A /* PublishPostViewController.swift */; };
		BBA0FF701EC0DBC5954289F8 /* Pods_Instagramm_app.framework in Frameworks */ = {isa = PBXBuildFile; fileRef = 7F5B99495A8B94EE44866B7E /* Pods_Instagramm_app.framework */; };
/* End PBXBuildFile section */

/* Begin PBXFileReference section */
		6A1074842693732000C7DD6E /* DataBaseManager.swift */ = {isa = PBXFileReference; lastKnownFileType = sourcecode.swift; path = DataBaseManager.swift; sourceTree = "<group>"; };
		6A1074862693743000C7DD6E /* AuthManager.swift */ = {isa = PBXFileReference; lastKnownFileType = sourcecode.swift; path = AuthManager.swift; sourceTree = "<group>"; };
		6A1074882693749100C7DD6E /* StorageManager.swift */ = {isa = PBXFileReference; lastKnownFileType = sourcecode.swift; path = StorageManager.swift; sourceTree = "<group>"; };
		6A10748A26937C4F00C7DD6E /* Extensions.swift */ = {isa = PBXFileReference; lastKnownFileType = sourcecode.swift; path = Extensions.swift; sourceTree = "<group>"; };
		6A3EFC9B269346FD00308806 /* Instagramm app.app */ = {isa = PBXFileReference; explicitFileType = wrapper.application; includeInIndex = 0; path = "Instagramm app.app"; sourceTree = BUILT_PRODUCTS_DIR; };
		6A3EFC9E269346FD00308806 /* AppDelegate.swift */ = {isa = PBXFileReference; lastKnownFileType = sourcecode.swift; path = AppDelegate.swift; sourceTree = "<group>"; };
		6A3EFCA0269346FD00308806 /* SceneDelegate.swift */ = {isa = PBXFileReference; lastKnownFileType = sourcecode.swift; path = SceneDelegate.swift; sourceTree = "<group>"; };
		6A3EFCA2269346FD00308806 /* HomeViewController.swift */ = {isa = PBXFileReference; lastKnownFileType = sourcecode.swift; path = HomeViewController.swift; sourceTree = "<group>"; };
		6A3EFCA5269346FD00308806 /* Base */ = {isa = PBXFileReference; lastKnownFileType = file.storyboard; name = Base; path = Base.lproj/Main.storyboard; sourceTree = "<group>"; };
		6A3EFCA8269346FD00308806 /* Instagramm_app.xcdatamodel */ = {isa = PBXFileReference; lastKnownFileType = wrapper.xcdatamodel; path = Instagramm_app.xcdatamodel; sourceTree = "<group>"; };
		6A3EFCAA2693470100308806 /* Assets.xcassets */ = {isa = PBXFileReference; lastKnownFileType = folder.assetcatalog; path = Assets.xcassets; sourceTree = "<group>"; };
		6A3EFCAD2693470100308806 /* Base */ = {isa = PBXFileReference; lastKnownFileType = file.storyboard; name = Base; path = Base.lproj/LaunchScreen.storyboard; sourceTree = "<group>"; };
		6A3EFCAF2693470100308806 /* Info.plist */ = {isa = PBXFileReference; lastKnownFileType = text.plist.xml; path = Info.plist; sourceTree = "<group>"; };
		6A5116CF269F0ECB0070ACAD /* IGFeedPostTableViewCell.swift */ = {isa = PBXFileReference; lastKnownFileType = sourcecode.swift; path = IGFeedPostTableViewCell.swift; sourceTree = "<group>"; };
		6A5116D2269F10BB0070ACAD /* IGFeddPostHeaderTableViewCell.swift */ = {isa = PBXFileReference; lastKnownFileType = sourcecode.swift; path = IGFeddPostHeaderTableViewCell.swift; sourceTree = "<group>"; };
		6A5116D4269F10DD0070ACAD /* IGFeedPostActionsTableViewCell.swift */ = {isa = PBXFileReference; lastKnownFileType = sourcecode.swift; path = IGFeedPostActionsTableViewCell.swift; sourceTree = "<group>"; };
		6A5116D6269F11040070ACAD /* IGFeedPostGeneralTableViewCell.swift */ = {isa = PBXFileReference; lastKnownFileType = sourcecode.swift; path = IGFeedPostGeneralTableViewCell.swift; sourceTree = "<group>"; };
		6A6F9CD2269368B8006EECE7 /* GoogleService-Info.plist */ = {isa = PBXFileReference; fileEncoding = 4; lastKnownFileType = text.plist.xml; path = "GoogleService-Info.plist"; sourceTree = "<group>"; };
		6A88D7CD26F78AB500CE6C9D /* NoNitofivationsView.swift */ = {isa = PBXFileReference; lastKnownFileType = sourcecode.swift; path = NoNitofivationsView.swift; sourceTree = "<group>"; };
		6ABDC06426D6C43F002D53FE /* UserFollowTableViewCell.swift */ = {isa = PBXFileReference; lastKnownFileType = sourcecode.swift; path = UserFollowTableViewCell.swift; sourceTree = "<group>"; };
		6ADD483E26A7D13C00825747 /* FormTableViewCell.swift */ = {isa = PBXFileReference; lastKnownFileType = sourcecode.swift; path = FormTableViewCell.swift; sourceTree = "<group>"; };
		6AE4219726D24DD2000880A6 /* PhotoCollectionViewCell.swift */ = {isa = PBXFileReference; lastKnownFileType = sourcecode.swift; path = PhotoCollectionViewCell.swift; sourceTree = "<group>"; };
		6AE4219926D24E2D000880A6 /* ProfileInfoHeaderCollectionReusableView.swift */ = {isa = PBXFileReference; lastKnownFileType = sourcecode.swift; path = ProfileInfoHeaderCollectionReusableView.swift; sourceTree = "<group>"; };
		6AE4219B26D257A1000880A6 /* ProfileTabsCollectionReusableView.swift */ = {isa = PBXFileReference; lastKnownFileType = sourcecode.swift; path = ProfileTabsCollectionReusableView.swift; sourceTree = "<group>"; };
		6AE4219D26D28617000880A6 /* Models.swift */ = {isa = PBXFileReference; lastKnownFileType = sourcecode.swift; path = Models.swift; sourceTree = "<group>"; };
		6AE9D3F426FB8FA9002E8535 /* NotificationFollowEventTableViewCell.swift */ = {isa = PBXFileReference; lastKnownFileType = sourcecode.swift; path = NotificationFollowEventTableViewCell.swift; sourceTree = "<group>"; };
		6AE9D3F626FB8FC2002E8535 /* NotificationLikeEventTableViewCell.swift */ = {isa = PBXFileReference; lastKnownFileType = sourcecode.swift; path = NotificationLikeEventTableViewCell.swift; sourceTree = "<group>"; };
		6AF609A926935C3600CEAF1A /* ExploreViewController.swift */ = {isa = PBXFileReference; lastKnownFileType = sourcecode.swift; path = ExploreViewController.swift; sourceTree = "<group>"; };
		6AF609AB26935C5400CEAF1A /* CameraViewController.swift */ = {isa = PBXFileReference; lastKnownFileType = sourcecode.swift; path = CameraViewController.swift; sourceTree = "<group>"; };
		6AF609AD26935C6F00CEAF1A /* NotificationsViewController.swift */ = {isa = PBXFileReference; lastKnownFileType = sourcecode.swift; path = NotificationsViewController.swift; sourceTree = "<group>"; };
		6AF609AF26935C8000CEAF1A /* ProfileViewController.swift */ = {isa = PBXFileReference; lastKnownFileType = sourcecode.swift; path = ProfileViewController.swift; sourceTree = "<group>"; };
		6AF609B426935D2700CEAF1A /* LoginViewController.swift */ = {isa = PBXFileReference; lastKnownFileType = sourcecode.swift; path = LoginViewController.swift; sourceTree = "<group>"; };
		6AF609B626935D3900CEAF1A /* RegistrationViewController.swift */ = {isa = PBXFileReference; lastKnownFileType = sourcecode.swift; path = RegistrationViewController.swift; sourceTree = "<group>"; };
		6AF609B826935D5900CEAF1A /* PostViewController.swift */ = {isa = PBXFileReference; lastKnownFileType = sourcecode.swift; path = PostViewController.swift; sourceTree = "<group>"; };
		6AF609BA26935D7C00CEAF1A /* EditProfileViewController.swift */ = {isa = PBXFileReference; lastKnownFileType = sourcecode.swift; path = EditProfileViewController.swift; sourceTree = "<group>"; };
		6AF609BC26935D8A00CEAF1A /* SettingViewController.swift */ = {isa = PBXFileReference; lastKnownFileType = sourcecode.swift; path = SettingViewController.swift; sourceTree = "<group>"; };
		6AF609BE26935DA300CEAF1A /* ListViewController.swift */ = {isa = PBXFileReference; lastKnownFileType = sourcecode.swift; path = ListViewController.swift; sourceTree = "<group>"; };
		6AF609C026935DBC00CEAF1A /* SearchViewController.swift */ = {isa = PBXFileReference; lastKnownFileType = sourcecode.swift; path = SearchViewController.swift; sourceTree = "<group>"; };
		6AF609C226935DD000CEAF1A /* SearchResultViewController.swift */ = {isa = PBXFileReference; lastKnownFileType = sourcecode.swift; path = SearchResultViewController.swift; sourceTree = "<group>"; };
		6AF609C426935DF900CEAF1A /* PostEditorViewController.swift */ = {isa = PBXFileReference; lastKnownFileType = sourcecode.swift; path = PostEditorViewController.swift; sourceTree = "<group>"; };
		6AF609C626935E0F00CEAF1A /* PublishPostViewController.swift */ = {isa = PBXFileReference; lastKnownFileType = sourcecode.swift; path = PublishPostViewController.swift; sourceTree = "<group>"; };
		6B75C380B41BB6EB432DE640 /* Pods-Instagramm app.debug.xcconfig */ = {isa = PBXFileReference; includeInIndex = 1; lastKnownFileType = text.xcconfig; name = "Pods-Instagramm app.debug.xcconfig"; path = "Target Support Files/Pods-Instagramm app/Pods-Instagramm app.debug.xcconfig"; sourceTree = "<group>"; };
		70325AA39F74122EAA6C0D12 /* Pods-Instagramm app.release.xcconfig */ = {isa = PBXFileReference; includeInIndex = 1; lastKnownFileType = text.xcconfig; name = "Pods-Instagramm app.release.xcconfig"; path = "Target Support Files/Pods-Instagramm app/Pods-Instagramm app.release.xcconfig"; sourceTree = "<group>"; };
		7F5B99495A8B94EE44866B7E /* Pods_Instagramm_app.framework */ = {isa = PBXFileReference; explicitFileType = wrapper.framework; includeInIndex = 0; path = Pods_Instagramm_app.framework; sourceTree = BUILT_PRODUCTS_DIR; };
/* End PBXFileReference section */

/* Begin PBXFrameworksBuildPhase section */
		6A3EFC98269346FD00308806 /* Frameworks */ = {
			isa = PBXFrameworksBuildPhase;
			buildActionMask = 2147483647;
			files = (
				BBA0FF701EC0DBC5954289F8 /* Pods_Instagramm_app.framework in Frameworks */,
			);
			runOnlyForDeploymentPostprocessing = 0;
		};
/* End PBXFrameworksBuildPhase section */

/* Begin PBXGroup section */
		6A3EFC92269346FD00308806 = {
			isa = PBXGroup;
			children = (
				6A3EFC9D269346FD00308806 /* Instagramm app */,
				6A3EFC9C269346FD00308806 /* Products */,
				9545BA3CED58DE937F21CCB6 /* Pods */,
				9BB92BC957754982CBA4F0D9 /* Frameworks */,
			);
			sourceTree = "<group>";
		};
		6A3EFC9C269346FD00308806 /* Products */ = {
			isa = PBXGroup;
			children = (
				6A3EFC9B269346FD00308806 /* Instagramm app.app */,
			);
			name = Products;
			sourceTree = "<group>";
		};
		6A3EFC9D269346FD00308806 /* Instagramm app */ = {
			isa = PBXGroup;
			children = (
				6AF609A826935B7200CEAF1A /* Storyboard */,
				6AF609A726935B2700CEAF1A /* Resourses */,
				6AF609A626935B1400CEAF1A /* Models */,
				6AF609A526935B0200CEAF1A /* Views */,
				6AF609A426935AED00CEAF1A /* Controllers */,
				6A3EFCAF2693470100308806 /* Info.plist */,
				6A3EFCA7269346FD00308806 /* Instagramm_app.xcdatamodeld */,
			);
			path = "Instagramm app";
			sourceTree = "<group>";
		};
		6A5116CE269F0E8F0070ACAD /* Cells */ = {
			isa = PBXGroup;
			children = (
				6AE9D3F326FB8F73002E8535 /* Notifications */,
				6A5116D1269F10790070ACAD /* Home Feed */,
				6ADD483E26A7D13C00825747 /* FormTableViewCell.swift */,
				6AE4219726D24DD2000880A6 /* PhotoCollectionViewCell.swift */,
				6ABDC06426D6C43F002D53FE /* UserFollowTableViewCell.swift */,
			);
			name = Cells;
			sourceTree = "<group>";
		};
		6A5116D1269F10790070ACAD /* Home Feed */ = {
			isa = PBXGroup;
			children = (
				6A5116CF269F0ECB0070ACAD /* IGFeedPostTableViewCell.swift */,
				6A5116D2269F10BB0070ACAD /* IGFeddPostHeaderTableViewCell.swift */,
				6A5116D4269F10DD0070ACAD /* IGFeedPostActionsTableViewCell.swift */,
				6A5116D6269F11040070ACAD /* IGFeedPostGeneralTableViewCell.swift */,
			);
			name = "Home Feed";
			sourceTree = "<group>";
		};
		6AE4219626D24D8A000880A6 /* Collectin View Headers */ = {
			isa = PBXGroup;
			children = (
				6AE4219926D24E2D000880A6 /* ProfileInfoHeaderCollectionReusableView.swift */,
				6AE4219B26D257A1000880A6 /* ProfileTabsCollectionReusableView.swift */,
			);
			name = "Collectin View Headers";
			sourceTree = "<group>";
		};
		6AE9D3F326FB8F73002E8535 /* Notifications */ = {
			isa = PBXGroup;
			children = (
				6AE9D3F426FB8FA9002E8535 /* NotificationFollowEventTableViewCell.swift */,
				6AE9D3F626FB8FC2002E8535 /* NotificationLikeEventTableViewCell.swift */,
			);
			name = Notifications;
			sourceTree = "<group>";
		};
		6AF609A426935AED00CEAF1A /* Controllers */ = {
			isa = PBXGroup;
			children = (
				6AF609B226935CEA00CEAF1A /* Other */,
				6AF609B126935CAE00CEAF1A /* Core Tabs */,
			);
			path = Controllers;
			sourceTree = "<group>";
		};
		6AF609A526935B0200CEAF1A /* Views */ = {
			isa = PBXGroup;
			children = (
				6AE4219626D24D8A000880A6 /* Collectin View Headers */,
				6A5116CE269F0E8F0070ACAD /* Cells */,
				6A3EFCAA2693470100308806 /* Assets.xcassets */,
				6A88D7CD26F78AB500CE6C9D /* NoNitofivationsView.swift */,
			);
			path = Views;
			sourceTree = "<group>";
		};
		6AF609A626935B1400CEAF1A /* Models */ = {
			isa = PBXGroup;
			children = (
				6AE4219D26D28617000880A6 /* Models.swift */,
			);
			path = Models;
			sourceTree = "<group>";
		};
		6AF609A726935B2700CEAF1A /* Resourses */ = {
			isa = PBXGroup;
			children = (
				6A3EFC9E269346FD00308806 /* AppDelegate.swift */,
				6A3EFCA0269346FD00308806 /* SceneDelegate.swift */,
				6A6F9CD2269368B8006EECE7 /* GoogleService-Info.plist */,
				6A1074842693732000C7DD6E /* DataBaseManager.swift */,
				6A1074862693743000C7DD6E /* AuthManager.swift */,
				6A1074882693749100C7DD6E /* StorageManager.swift */,
				6A10748A26937C4F00C7DD6E /* Extensions.swift */,
			);
			path = Resourses;
			sourceTree = "<group>";
		};
		6AF609A826935B7200CEAF1A /* Storyboard */ = {
			isa = PBXGroup;
			children = (
				6A3EFCA4269346FD00308806 /* Main.storyboard */,
				6A3EFCAC2693470100308806 /* LaunchScreen.storyboard */,
			);
			path = Storyboard;
			sourceTree = "<group>";
		};
		6AF609B126935CAE00CEAF1A /* Core Tabs */ = {
			isa = PBXGroup;
			children = (
				6A3EFCA2269346FD00308806 /* HomeViewController.swift */,
				6AF609A926935C3600CEAF1A /* ExploreViewController.swift */,
				6AF609AB26935C5400CEAF1A /* CameraViewController.swift */,
				6AF609AD26935C6F00CEAF1A /* NotificationsViewController.swift */,
				6AF609AF26935C8000CEAF1A /* ProfileViewController.swift */,
			);
			path = "Core Tabs";
			sourceTree = "<group>";
		};
		6AF609B226935CEA00CEAF1A /* Other */ = {
			isa = PBXGroup;
			children = (
				6AF609C626935E0F00CEAF1A /* PublishPostViewController.swift */,
				6AF609B326935D0100CEAF1A /* Onboarding */,
				6AF609B826935D5900CEAF1A /* PostViewController.swift */,
				6AF609BA26935D7C00CEAF1A /* EditProfileViewController.swift */,
				6AF609BC26935D8A00CEAF1A /* SettingViewController.swift */,
				6AF609BE26935DA300CEAF1A /* ListViewController.swift */,
				6AF609C026935DBC00CEAF1A /* SearchViewController.swift */,
				6AF609C226935DD000CEAF1A /* SearchResultViewController.swift */,
				6AF609C426935DF900CEAF1A /* PostEditorViewController.swift */,
			);
			path = Other;
			sourceTree = "<group>";
		};
		6AF609B326935D0100CEAF1A /* Onboarding */ = {
			isa = PBXGroup;
			children = (
				6AF609B426935D2700CEAF1A /* LoginViewController.swift */,
				6AF609B626935D3900CEAF1A /* RegistrationViewController.swift */,
			);
			path = Onboarding;
			sourceTree = "<group>";
		};
		9545BA3CED58DE937F21CCB6 /* Pods */ = {
			isa = PBXGroup;
			children = (
				6B75C380B41BB6EB432DE640 /* Pods-Instagramm app.debug.xcconfig */,
				70325AA39F74122EAA6C0D12 /* Pods-Instagramm app.release.xcconfig */,
			);
			path = Pods;
			sourceTree = "<group>";
		};
		9BB92BC957754982CBA4F0D9 /* Frameworks */ = {
			isa = PBXGroup;
			children = (
				7F5B99495A8B94EE44866B7E /* Pods_Instagramm_app.framework */,
			);
			name = Frameworks;
			sourceTree = "<group>";
		};
/* End PBXGroup section */

/* Begin PBXNativeTarget section */
		6A3EFC9A269346FD00308806 /* Instagramm app */ = {
			isa = PBXNativeTarget;
			buildConfigurationList = 6A3EFCB22693470100308806 /* Build configuration list for PBXNativeTarget "Instagramm app" */;
			buildPhases = (
				E6CEAD8B8A1CF7E2903ABA37 /* [CP] Check Pods Manifest.lock */,
				6A3EFC97269346FD00308806 /* Sources */,
				6A3EFC98269346FD00308806 /* Frameworks */,
				6A3EFC99269346FD00308806 /* Resources */,
				B9092B4C02CD453EF8A519B7 /* [CP] Embed Pods Frameworks */,
			);
			buildRules = (
			);
			dependencies = (
			);
			name = "Instagramm app";
			productName = "Instagramm app";
			productReference = 6A3EFC9B269346FD00308806 /* Instagramm app.app */;
			productType = "com.apple.product-type.application";
		};
/* End PBXNativeTarget section */

/* Begin PBXProject section */
		6A3EFC93269346FD00308806 /* Project object */ = {
			isa = PBXProject;
			attributes = {
				LastSwiftUpdateCheck = 1250;
				LastUpgradeCheck = 1250;
				TargetAttributes = {
					6A3EFC9A269346FD00308806 = {
						CreatedOnToolsVersion = 12.5;
					};
				};
			};
			buildConfigurationList = 6A3EFC96269346FD00308806 /* Build configuration list for PBXProject "Instagramm app" */;
			compatibilityVersion = "Xcode 9.3";
			developmentRegion = en;
			hasScannedForEncodings = 0;
			knownRegions = (
				en,
				Base,
			);
			mainGroup = 6A3EFC92269346FD00308806;
			productRefGroup = 6A3EFC9C269346FD00308806 /* Products */;
			projectDirPath = "";
			projectRoot = "";
			targets = (
				6A3EFC9A269346FD00308806 /* Instagramm app */,
			);
		};
/* End PBXProject section */

/* Begin PBXResourcesBuildPhase section */
		6A3EFC99269346FD00308806 /* Resources */ = {
			isa = PBXResourcesBuildPhase;
			buildActionMask = 2147483647;
			files = (
				6A3EFCAE2693470100308806 /* LaunchScreen.storyboard in Resources */,
				6A6F9CD3269368B8006EECE7 /* GoogleService-Info.plist in Resources */,
				6A3EFCAB2693470100308806 /* Assets.xcassets in Resources */,
				6A3EFCA6269346FD00308806 /* Main.storyboard in Resources */,
			);
			runOnlyForDeploymentPostprocessing = 0;
		};
/* End PBXResourcesBuildPhase section */

/* Begin PBXShellScriptBuildPhase section */
		B9092B4C02CD453EF8A519B7 /* [CP] Embed Pods Frameworks */ = {
			isa = PBXShellScriptBuildPhase;
			buildActionMask = 2147483647;
			files = (
			);
			inputFileListPaths = (
				"${PODS_ROOT}/Target Support Files/Pods-Instagramm app/Pods-Instagramm app-frameworks-${CONFIGURATION}-input-files.xcfilelist",
			);
			name = "[CP] Embed Pods Frameworks";
			outputFileListPaths = (
				"${PODS_ROOT}/Target Support Files/Pods-Instagramm app/Pods-Instagramm app-frameworks-${CONFIGURATION}-output-files.xcfilelist",
			);
			runOnlyForDeploymentPostprocessing = 0;
			shellPath = /bin/sh;
			shellScript = "\"${PODS_ROOT}/Target Support Files/Pods-Instagramm app/Pods-Instagramm app-frameworks.sh\"\n";
			showEnvVarsInLog = 0;
		};
		E6CEAD8B8A1CF7E2903ABA37 /* [CP] Check Pods Manifest.lock */ = {
			isa = PBXShellScriptBuildPhase;
			buildActionMask = 2147483647;
			files = (
			);
			inputFileListPaths = (
			);
			inputPaths = (
				"${PODS_PODFILE_DIR_PATH}/Podfile.lock",
				"${PODS_ROOT}/Manifest.lock",
			);
			name = "[CP] Check Pods Manifest.lock";
			outputFileListPaths = (
			);
			outputPaths = (
				"$(DERIVED_FILE_DIR)/Pods-Instagramm app-checkManifestLockResult.txt",
			);
			runOnlyForDeploymentPostprocessing = 0;
			shellPath = /bin/sh;
			shellScript = "diff \"${PODS_PODFILE_DIR_PATH}/Podfile.lock\" \"${PODS_ROOT}/Manifest.lock\" > /dev/null\nif [ $? != 0 ] ; then\n    # print error to STDERR\n    echo \"error: The sandbox is not in sync with the Podfile.lock. Run 'pod install' or update your CocoaPods installation.\" >&2\n    exit 1\nfi\n# This output is used by Xcode 'outputs' to avoid re-running this script phase.\necho \"SUCCESS\" > \"${SCRIPT_OUTPUT_FILE_0}\"\n";
			showEnvVarsInLog = 0;
		};
/* End PBXShellScriptBuildPhase section */

/* Begin PBXSourcesBuildPhase section */
		6A3EFC97269346FD00308806 /* Sources */ = {
			isa = PBXSourcesBuildPhase;
			buildActionMask = 2147483647;
			files = (
				6AF609C126935DBC00CEAF1A /* SearchViewController.swift in Sources */,
				6AF609B526935D2700CEAF1A /* LoginViewController.swift in Sources */,
				6A3EFCA3269346FD00308806 /* HomeViewController.swift in Sources */,
				6A1074892693749100C7DD6E /* StorageManager.swift in Sources */,
				6A3EFC9F269346FD00308806 /* AppDelegate.swift in Sources */,
				6AF609C526935DF900CEAF1A /* PostEditorViewController.swift in Sources */,
				6AF609BD26935D8A00CEAF1A /* SettingViewController.swift in Sources */,
				6AF609AA26935C3600CEAF1A /* ExploreViewController.swift in Sources */,
				6A5116D7269F11040070ACAD /* IGFeedPostGeneralTableViewCell.swift in Sources */,
				6A5116D0269F0ECB0070ACAD /* IGFeedPostTableViewCell.swift in Sources */,
				6ADD483F26A7D13C00825747 /* FormTableViewCell.swift in Sources */,
				6AF609B726935D3900CEAF1A /* RegistrationViewController.swift in Sources */,
				6A88D7CE26F78AB500CE6C9D /* NoNitofivationsView.swift in Sources */,
				6A10748B26937C4F00C7DD6E /* Extensions.swift in Sources */,
				6AE9D3F726FB8FC2002E8535 /* NotificationLikeEventTableViewCell.swift in Sources */,
				6AE9D3F526FB8FA9002E8535 /* NotificationFollowEventTableViewCell.swift in Sources */,
				6ABDC06526D6C43F002D53FE /* UserFollowTableViewCell.swift in Sources */,
				6A5116D3269F10BB0070ACAD /* IGFeddPostHeaderTableViewCell.swift in Sources */,
				6AF609BF26935DA300CEAF1A /* ListViewController.swift in Sources */,
				6AE4219A26D24E2D000880A6 /* ProfileInfoHeaderCollectionReusableView.swift in Sources */,
				6A1074872693743000C7DD6E /* AuthManager.swift in Sources */,
				6A3EFCA9269346FD00308806 /* Instagramm_app.xcdatamodeld in Sources */,
				6AF609C726935E0F00CEAF1A /* PublishPostViewController.swift in Sources */,
				6AE4219C26D257A1000880A6 /* ProfileTabsCollectionReusableView.swift in Sources */,
				6A3EFCA1269346FD00308806 /* SceneDelegate.swift in Sources */,
				6AF609AE26935C6F00CEAF1A /* NotificationsViewController.swift in Sources */,
				6AF609BB26935D7C00CEAF1A /* EditProfileViewController.swift in Sources */,
				6AF609B026935C8000CEAF1A /* ProfileViewController.swift in Sources */,
				6AE4219E26D28617000880A6 /* Models.swift in Sources */,
				6AF609AC26935C5400CEAF1A /* CameraViewController.swift in Sources */,
				6A1074852693732000C7DD6E /* DataBaseManager.swift in Sources */,
				6A5116D5269F10DD0070ACAD /* IGFeedPostActionsTableViewCell.swift in Sources */,
				6AE4219826D24DD2000880A6 /* PhotoCollectionViewCell.swift in Sources */,
				6AF609C326935DD000CEAF1A /* SearchResultViewController.swift in Sources */,
				6AF609B926935D5900CEAF1A /* PostViewController.swift in Sources */,
			);
			runOnlyForDeploymentPostprocessing = 0;
		};
/* End PBXSourcesBuildPhase section */

/* Begin PBXVariantGroup section */
		6A3EFCA4269346FD00308806 /* Main.storyboard */ = {
			isa = PBXVariantGroup;
			children = (
				6A3EFCA5269346FD00308806 /* Base */,
			);
			name = Main.storyboard;
			sourceTree = "<group>";
		};
		6A3EFCAC2693470100308806 /* LaunchScreen.storyboard */ = {
			isa = PBXVariantGroup;
			children = (
				6A3EFCAD2693470100308806 /* Base */,
			);
			name = LaunchScreen.storyboard;
			sourceTree = "<group>";
		};
/* End PBXVariantGroup section */

/* Begin XCBuildConfiguration section */
		6A3EFCB02693470100308806 /* Debug */ = {
			isa = XCBuildConfiguration;
			buildSettings = {
				ALWAYS_SEARCH_USER_PATHS = NO;
				CLANG_ANALYZER_NONNULL = YES;
				CLANG_ANALYZER_NUMBER_OBJECT_CONVERSION = YES_AGGRESSIVE;
				CLANG_CXX_LANGUAGE_STANDARD = "gnu++14";
				CLANG_CXX_LIBRARY = "libc++";
				CLANG_ENABLE_MODULES = YES;
				CLANG_ENABLE_OBJC_ARC = YES;
				CLANG_ENABLE_OBJC_WEAK = YES;
				CLANG_WARN_BLOCK_CAPTURE_AUTORELEASING = YES;
				CLANG_WARN_BOOL_CONVERSION = YES;
				CLANG_WARN_COMMA = YES;
				CLANG_WARN_CONSTANT_CONVERSION = YES;
				CLANG_WARN_DEPRECATED_OBJC_IMPLEMENTATIONS = YES;
				CLANG_WARN_DIRECT_OBJC_ISA_USAGE = YES_ERROR;
				CLANG_WARN_DOCUMENTATION_COMMENTS = YES;
				CLANG_WARN_EMPTY_BODY = YES;
				CLANG_WARN_ENUM_CONVERSION = YES;
				CLANG_WARN_INFINITE_RECURSION = YES;
				CLANG_WARN_INT_CONVERSION = YES;
				CLANG_WARN_NON_LITERAL_NULL_CONVERSION = YES;
				CLANG_WARN_OBJC_IMPLICIT_RETAIN_SELF = YES;
				CLANG_WARN_OBJC_LITERAL_CONVERSION = YES;
				CLANG_WARN_OBJC_ROOT_CLASS = YES_ERROR;
				CLANG_WARN_QUOTED_INCLUDE_IN_FRAMEWORK_HEADER = YES;
				CLANG_WARN_RANGE_LOOP_ANALYSIS = YES;
				CLANG_WARN_STRICT_PROTOTYPES = YES;
				CLANG_WARN_SUSPICIOUS_MOVE = YES;
				CLANG_WARN_UNGUARDED_AVAILABILITY = YES_AGGRESSIVE;
				CLANG_WARN_UNREACHABLE_CODE = YES;
				CLANG_WARN__DUPLICATE_METHOD_MATCH = YES;
				COPY_PHASE_STRIP = NO;
				DEBUG_INFORMATION_FORMAT = dwarf;
				ENABLE_STRICT_OBJC_MSGSEND = YES;
				ENABLE_TESTABILITY = YES;
				GCC_C_LANGUAGE_STANDARD = gnu11;
				GCC_DYNAMIC_NO_PIC = NO;
				GCC_NO_COMMON_BLOCKS = YES;
				GCC_OPTIMIZATION_LEVEL = 0;
				GCC_PREPROCESSOR_DEFINITIONS = (
					"DEBUG=1",
					"$(inherited)",
				);
				GCC_WARN_64_TO_32_BIT_CONVERSION = YES;
				GCC_WARN_ABOUT_RETURN_TYPE = YES_ERROR;
				GCC_WARN_UNDECLARED_SELECTOR = YES;
				GCC_WARN_UNINITIALIZED_AUTOS = YES_AGGRESSIVE;
				GCC_WARN_UNUSED_FUNCTION = YES;
				GCC_WARN_UNUSED_VARIABLE = YES;
				IPHONEOS_DEPLOYMENT_TARGET = 14.5;
				MTL_ENABLE_DEBUG_INFO = INCLUDE_SOURCE;
				MTL_FAST_MATH = YES;
				ONLY_ACTIVE_ARCH = YES;
				SDKROOT = iphoneos;
				SWIFT_ACTIVE_COMPILATION_CONDITIONS = DEBUG;
				SWIFT_OPTIMIZATION_LEVEL = "-Onone";
			};
			name = Debug;
		};
		6A3EFCB12693470100308806 /* Release */ = {
			isa = XCBuildConfiguration;
			buildSettings = {
				ALWAYS_SEARCH_USER_PATHS = NO;
				CLANG_ANALYZER_NONNULL = YES;
				CLANG_ANALYZER_NUMBER_OBJECT_CONVERSION = YES_AGGRESSIVE;
				CLANG_CXX_LANGUAGE_STANDARD = "gnu++14";
				CLANG_CXX_LIBRARY = "libc++";
				CLANG_ENABLE_MODULES = YES;
				CLANG_ENABLE_OBJC_ARC = YES;
				CLANG_ENABLE_OBJC_WEAK = YES;
				CLANG_WARN_BLOCK_CAPTURE_AUTORELEASING = YES;
				CLANG_WARN_BOOL_CONVERSION = YES;
				CLANG_WARN_COMMA = YES;
				CLANG_WARN_CONSTANT_CONVERSION = YES;
				CLANG_WARN_DEPRECATED_OBJC_IMPLEMENTATIONS = YES;
				CLANG_WARN_DIRECT_OBJC_ISA_USAGE = YES_ERROR;
				CLANG_WARN_DOCUMENTATION_COMMENTS = YES;
				CLANG_WARN_EMPTY_BODY = YES;
				CLANG_WARN_ENUM_CONVERSION = YES;
				CLANG_WARN_INFINITE_RECURSION = YES;
				CLANG_WARN_INT_CONVERSION = YES;
				CLANG_WARN_NON_LITERAL_NULL_CONVERSION = YES;
				CLANG_WARN_OBJC_IMPLICIT_RETAIN_SELF = YES;
				CLANG_WARN_OBJC_LITERAL_CONVERSION = YES;
				CLANG_WARN_OBJC_ROOT_CLASS = YES_ERROR;
				CLANG_WARN_QUOTED_INCLUDE_IN_FRAMEWORK_HEADER = YES;
				CLANG_WARN_RANGE_LOOP_ANALYSIS = YES;
				CLANG_WARN_STRICT_PROTOTYPES = YES;
				CLANG_WARN_SUSPICIOUS_MOVE = YES;
				CLANG_WARN_UNGUARDED_AVAILABILITY = YES_AGGRESSIVE;
				CLANG_WARN_UNREACHABLE_CODE = YES;
				CLANG_WARN__DUPLICATE_METHOD_MATCH = YES;
				COPY_PHASE_STRIP = NO;
				DEBUG_INFORMATION_FORMAT = "dwarf-with-dsym";
				ENABLE_NS_ASSERTIONS = NO;
				ENABLE_STRICT_OBJC_MSGSEND = YES;
				GCC_C_LANGUAGE_STANDARD = gnu11;
				GCC_NO_COMMON_BLOCKS = YES;
				GCC_WARN_64_TO_32_BIT_CONVERSION = YES;
				GCC_WARN_ABOUT_RETURN_TYPE = YES_ERROR;
				GCC_WARN_UNDECLARED_SELECTOR = YES;
				GCC_WARN_UNINITIALIZED_AUTOS = YES_AGGRESSIVE;
				GCC_WARN_UNUSED_FUNCTION = YES;
				GCC_WARN_UNUSED_VARIABLE = YES;
				IPHONEOS_DEPLOYMENT_TARGET = 14.5;
				MTL_ENABLE_DEBUG_INFO = NO;
				MTL_FAST_MATH = YES;
				SDKROOT = iphoneos;
				SWIFT_COMPILATION_MODE = wholemodule;
				SWIFT_OPTIMIZATION_LEVEL = "-O";
				VALIDATE_PRODUCT = YES;
			};
			name = Release;
		};
		6A3EFCB32693470100308806 /* Debug */ = {
			isa = XCBuildConfiguration;
			baseConfigurationReference = 6B75C380B41BB6EB432DE640 /* Pods-Instagramm app.debug.xcconfig */;
			buildSettings = {
				ASSETCATALOG_COMPILER_APPICON_NAME = AppIcon;
				ASSETCATALOG_COMPILER_GLOBAL_ACCENT_COLOR_NAME = AccentColor;
				CODE_SIGN_STYLE = Automatic;
				DEVELOPMENT_TEAM = D2QV53PR4Z;
				INFOPLIST_FILE = "Instagramm app/Info.plist";
				LD_RUNPATH_SEARCH_PATHS = (
					"$(inherited)",
					"@executable_path/Frameworks",
				);
				PRODUCT_BUNDLE_IDENTIFIER = "starkov.Instagramm-app";
				PRODUCT_NAME = "$(TARGET_NAME)";
				SWIFT_VERSION = 5.0;
				TARGETED_DEVICE_FAMILY = "1,2";
			};
			name = Debug;
		};
		6A3EFCB42693470100308806 /* Release */ = {
			isa = XCBuildConfiguration;
			baseConfigurationReference = 70325AA39F74122EAA6C0D12 /* Pods-Instagramm app.release.xcconfig */;
			buildSettings = {
				ASSETCATALOG_COMPILER_APPICON_NAME = AppIcon;
				ASSETCATALOG_COMPILER_GLOBAL_ACCENT_COLOR_NAME = AccentColor;
				CODE_SIGN_STYLE = Automatic;
				DEVELOPMENT_TEAM = D2QV53PR4Z;
				INFOPLIST_FILE = "Instagramm app/Info.plist";
				LD_RUNPATH_SEARCH_PATHS = (
					"$(inherited)",
					"@executable_path/Frameworks",
				);
				PRODUCT_BUNDLE_IDENTIFIER = "starkov.Instagramm-app";
				PRODUCT_NAME = "$(TARGET_NAME)";
				SWIFT_VERSION = 5.0;
				TARGETED_DEVICE_FAMILY = "1,2";
			};
			name = Release;
		};
/* End XCBuildConfiguration section */

/* Begin XCConfigurationList section */
		6A3EFC96269346FD00308806 /* Build configuration list for PBXProject "Instagramm app" */ = {
			isa = XCConfigurationList;
			buildConfigurations = (
				6A3EFCB02693470100308806 /* Debug */,
				6A3EFCB12693470100308806 /* Release */,
			);
			defaultConfigurationIsVisible = 0;
			defaultConfigurationName = Release;
		};
		6A3EFCB22693470100308806 /* Build configuration list for PBXNativeTarget "Instagramm app" */ = {
			isa = XCConfigurationList;
			buildConfigurations = (
				6A3EFCB32693470100308806 /* Debug */,
				6A3EFCB42693470100308806 /* Release */,
			);
			defaultConfigurationIsVisible = 0;
			defaultConfigurationName = Release;
		};
/* End XCConfigurationList section */

/* Begin XCVersionGroup section */
		6A3EFCA7269346FD00308806 /* Instagramm_app.xcdatamodeld */ = {
			isa = XCVersionGroup;
			children = (
				6A3EFCA8269346FD00308806 /* Instagramm_app.xcdatamodel */,
			);
			currentVersion = 6A3EFCA8269346FD00308806 /* Instagramm_app.xcdatamodel */;
			path = Instagramm_app.xcdatamodeld;
			sourceTree = "<group>";
			versionGroupType = wrapper.xcdatamodel;
		};
/* End XCVersionGroup section */
	};
	rootObject = 6A3EFC93269346FD00308806 /* Project object */;
}
